
Microsoft Visual Studio Solution File, Format Version 11.00
# Visual Studio 2010
Project("{FAE04EC0-301F-11D3-BF4B-00C04F79EFBC}") = "Fabric.Api.Server", "Fabric.Api.Server\Fabric.Api.Server.csproj", "{B8B58824-60DC-40A8-88CF-7048493D5517}"
EndProject
Project("{FAE04EC0-301F-11D3-BF4B-00C04F79EFBC}") = "Fabric.Db.Server", "Fabric.Db.Server\Fabric.Db.Server.csproj", "{4109140D-8960-4FD7-A037-8B21AFC6659B}"
EndProject
Project("{FAE04EC0-301F-11D3-BF4B-00C04F79EFBC}") = "Fabric.Domain", "Fabric.Domain\Fabric.Domain.csproj", "{E28CDF51-883C-4A8F-8C27-C681AF79F591}"
EndProject
Project("{FAE04EC0-301F-11D3-BF4B-00C04F79EFBC}") = "Fabric.Db.Data", "Fabric.Test.Data\Fabric.Db.Data.csproj", "{878B57C3-E251-4F77-8427-463693F033AF}"
EndProject
Project("{FAE04EC0-301F-11D3-BF4B-00C04F79EFBC}") = "Fabric.Test", "Fabric.Test\Fabric.Test.csproj", "{E0828CD9-3166-4E68-9FE8-DD7BA9BCC4DE}"
EndProject
Project("{FAE04EC0-301F-11D3-BF4B-00C04F79EFBC}") = "Fabric.Infrastructure", "Fabric.Infrastructure\Fabric.Infrastructure.csproj", "{506266BF-35D7-4DC5-BEE7-735A9690B5DF}"
EndProject
Project("{FAE04EC0-301F-11D3-BF4B-00C04F79EFBC}") = "Fabric.Api.Dto", "Fabric.Api.Dto\Fabric.Api.Dto.csproj", "{05D64C91-BB7F-4C9E-8A7D-0A3A0EB3E19E}"
EndProject
Project("{FAE04EC0-301F-11D3-BF4B-00C04F79EFBC}") = "Fabric.Api.Traversal", "Fabric.Api.Traversal\Fabric.Api.Traversal.csproj", "{8AD70384-1405-41EE-BA61-25BD053CD56B}"
EndProject
Project("{FAE04EC0-301F-11D3-BF4B-00C04F79EFBC}") = "Fabric.Api.Spec", "Fabric.Api.Spec\Fabric.Api.Spec.csproj", "{4E9769D7-BC92-4717-88CA-F82CDE950F44}"
EndProject
Project("{FAE04EC0-301F-11D3-BF4B-00C04F79EFBC}") = "Fabric.Api.Oauth", "Fabric.Api.Oauth\Fabric.Api.Oauth.csproj", "{F950795F-E668-4C70-A3FA-8194BC866D39}"
EndProject
Project("{FAE04EC0-301F-11D3-BF4B-00C04F79EFBC}") = "Fabric.Test.Integration", "Fabric.Test.Integration\Fabric.Test.Integration.csproj", "{592F06B2-3845-47DC-896E-20B752BCE8DB}"
EndProject
Global
	GlobalSection(SolutionConfigurationPlatforms) = preSolution
		Debug|Any CPU = Debug|Any CPU
		Debug|Mixed Platforms = Debug|Mixed Platforms
		Debug|x86 = Debug|x86
		Release|Any CPU = Release|Any CPU
		Release|Mixed Platforms = Release|Mixed Platforms
		Release|x86 = Release|x86
	EndGlobalSection
	GlobalSection(ProjectConfigurationPlatforms) = postSolution
		{B8B58824-60DC-40A8-88CF-7048493D5517}.Debug|Any CPU.ActiveCfg = Debug|Any CPU
		{B8B58824-60DC-40A8-88CF-7048493D5517}.Debug|Any CPU.Build.0 = Debug|Any CPU
		{B8B58824-60DC-40A8-88CF-7048493D5517}.Debug|Mixed Platforms.ActiveCfg = Debug|Any CPU
		{B8B58824-60DC-40A8-88CF-7048493D5517}.Debug|Mixed Platforms.Build.0 = Debug|Any CPU
		{B8B58824-60DC-40A8-88CF-7048493D5517}.Debug|x86.ActiveCfg = Debug|Any CPU
		{B8B58824-60DC-40A8-88CF-7048493D5517}.Release|Any CPU.ActiveCfg = Release|Any CPU
		{B8B58824-60DC-40A8-88CF-7048493D5517}.Release|Any CPU.Build.0 = Release|Any CPU
		{B8B58824-60DC-40A8-88CF-7048493D5517}.Release|Mixed Platforms.ActiveCfg = Release|Any CPU
		{B8B58824-60DC-40A8-88CF-7048493D5517}.Release|Mixed Platforms.Build.0 = Release|Any CPU
		{B8B58824-60DC-40A8-88CF-7048493D5517}.Release|x86.ActiveCfg = Release|Any CPU
		{4109140D-8960-4FD7-A037-8B21AFC6659B}.Debug|Any CPU.ActiveCfg = Debug|Any CPU
		{4109140D-8960-4FD7-A037-8B21AFC6659B}.Debug|Any CPU.Build.0 = Debug|Any CPU
		{4109140D-8960-4FD7-A037-8B21AFC6659B}.Debug|Mixed Platforms.ActiveCfg = Debug|Any CPU
		{4109140D-8960-4FD7-A037-8B21AFC6659B}.Debug|Mixed Platforms.Build.0 = Debug|Any CPU
		{4109140D-8960-4FD7-A037-8B21AFC6659B}.Debug|x86.ActiveCfg = Debug|Any CPU
		{4109140D-8960-4FD7-A037-8B21AFC6659B}.Release|Any CPU.ActiveCfg = Release|Any CPU
		{4109140D-8960-4FD7-A037-8B21AFC6659B}.Release|Any CPU.Build.0 = Release|Any CPU
		{4109140D-8960-4FD7-A037-8B21AFC6659B}.Release|Mixed Platforms.ActiveCfg = Release|Any CPU
		{4109140D-8960-4FD7-A037-8B21AFC6659B}.Release|Mixed Platforms.Build.0 = Release|Any CPU
		{4109140D-8960-4FD7-A037-8B21AFC6659B}.Release|x86.ActiveCfg = Release|Any CPU
		{E28CDF51-883C-4A8F-8C27-C681AF79F591}.Debug|Any CPU.ActiveCfg = Debug|Any CPU
		{E28CDF51-883C-4A8F-8C27-C681AF79F591}.Debug|Any CPU.Build.0 = Debug|Any CPU
		{E28CDF51-883C-4A8F-8C27-C681AF79F591}.Debug|Mixed Platforms.ActiveCfg = Debug|Any CPU
		{E28CDF51-883C-4A8F-8C27-C681AF79F591}.Debug|Mixed Platforms.Build.0 = Debug|Any CPU
		{E28CDF51-883C-4A8F-8C27-C681AF79F591}.Debug|x86.ActiveCfg = Debug|Any CPU
		{E28CDF51-883C-4A8F-8C27-C681AF79F591}.Release|Any CPU.ActiveCfg = Release|Any CPU
		{E28CDF51-883C-4A8F-8C27-C681AF79F591}.Release|Any CPU.Build.0 = Release|Any CPU
		{E28CDF51-883C-4A8F-8C27-C681AF79F591}.Release|Mixed Platforms.ActiveCfg = Release|Any CPU
		{E28CDF51-883C-4A8F-8C27-C681AF79F591}.Release|Mixed Platforms.Build.0 = Release|Any CPU
		{E28CDF51-883C-4A8F-8C27-C681AF79F591}.Release|x86.ActiveCfg = Release|Any CPU
		{878B57C3-E251-4F77-8427-463693F033AF}.Debug|Any CPU.ActiveCfg = Debug|Any CPU
		{878B57C3-E251-4F77-8427-463693F033AF}.Debug|Any CPU.Build.0 = Debug|Any CPU
		{878B57C3-E251-4F77-8427-463693F033AF}.Debug|Mixed Platforms.ActiveCfg = Debug|Any CPU
		{878B57C3-E251-4F77-8427-463693F033AF}.Debug|Mixed Platforms.Build.0 = Debug|Any CPU
		{878B57C3-E251-4F77-8427-463693F033AF}.Debug|x86.ActiveCfg = Debug|Any CPU
		{878B57C3-E251-4F77-8427-463693F033AF}.Release|Any CPU.ActiveCfg = Release|Any CPU
		{878B57C3-E251-4F77-8427-463693F033AF}.Release|Any CPU.Build.0 = Release|Any CPU
		{878B57C3-E251-4F77-8427-463693F033AF}.Release|Mixed Platforms.ActiveCfg = Release|Any CPU
		{878B57C3-E251-4F77-8427-463693F033AF}.Release|Mixed Platforms.Build.0 = Release|Any CPU
		{878B57C3-E251-4F77-8427-463693F033AF}.Release|x86.ActiveCfg = Release|Any CPU
		{E0828CD9-3166-4E68-9FE8-DD7BA9BCC4DE}.Debug|Any CPU.ActiveCfg = Debug|Any CPU
		{E0828CD9-3166-4E68-9FE8-DD7BA9BCC4DE}.Debug|Any CPU.Build.0 = Debug|Any CPU
		{E0828CD9-3166-4E68-9FE8-DD7BA9BCC4DE}.Debug|Mixed Platforms.ActiveCfg = Debug|Any CPU
		{E0828CD9-3166-4E68-9FE8-DD7BA9BCC4DE}.Debug|Mixed Platforms.Build.0 = Debug|Any CPU
		{E0828CD9-3166-4E68-9FE8-DD7BA9BCC4DE}.Debug|x86.ActiveCfg = Debug|Any CPU
		{E0828CD9-3166-4E68-9FE8-DD7BA9BCC4DE}.Release|Any CPU.ActiveCfg = Release|Any CPU
		{E0828CD9-3166-4E68-9FE8-DD7BA9BCC4DE}.Release|Any CPU.Build.0 = Release|Any CPU
		{E0828CD9-3166-4E68-9FE8-DD7BA9BCC4DE}.Release|Mixed Platforms.ActiveCfg = Release|Any CPU
		{E0828CD9-3166-4E68-9FE8-DD7BA9BCC4DE}.Release|Mixed Platforms.Build.0 = Release|Any CPU
		{E0828CD9-3166-4E68-9FE8-DD7BA9BCC4DE}.Release|x86.ActiveCfg = Release|Any CPU
		{506266BF-35D7-4DC5-BEE7-735A9690B5DF}.Debug|Any CPU.ActiveCfg = Debug|Any CPU
		{506266BF-35D7-4DC5-BEE7-735A9690B5DF}.Debug|Any CPU.Build.0 = Debug|Any CPU
		{506266BF-35D7-4DC5-BEE7-735A9690B5DF}.Debug|Mixed Platforms.ActiveCfg = Debug|Any CPU
		{506266BF-35D7-4DC5-BEE7-735A9690B5DF}.Debug|Mixed Platforms.Build.0 = Debug|Any CPU
		{506266BF-35D7-4DC5-BEE7-735A9690B5DF}.Debug|x86.ActiveCfg = Debug|Any CPU
		{506266BF-35D7-4DC5-BEE7-735A9690B5DF}.Release|Any CPU.ActiveCfg = Release|Any CPU
		{506266BF-35D7-4DC5-BEE7-735A9690B5DF}.Release|Any CPU.Build.0 = Release|Any CPU
		{506266BF-35D7-4DC5-BEE7-735A9690B5DF}.Release|Mixed Platforms.ActiveCfg = Release|Any CPU
		{506266BF-35D7-4DC5-BEE7-735A9690B5DF}.Release|Mixed Platforms.Build.0 = Release|Any CPU
		{506266BF-35D7-4DC5-BEE7-735A9690B5DF}.Release|x86.ActiveCfg = Release|Any CPU
		{05D64C91-BB7F-4C9E-8A7D-0A3A0EB3E19E}.Debug|Any CPU.ActiveCfg = Debug|Any CPU
		{05D64C91-BB7F-4C9E-8A7D-0A3A0EB3E19E}.Debug|Any CPU.Build.0 = Debug|Any CPU
		{05D64C91-BB7F-4C9E-8A7D-0A3A0EB3E19E}.Debug|Mixed Platforms.ActiveCfg = Debug|Any CPU
		{05D64C91-BB7F-4C9E-8A7D-0A3A0EB3E19E}.Debug|Mixed Platforms.Build.0 = Debug|Any CPU
		{05D64C91-BB7F-4C9E-8A7D-0A3A0EB3E19E}.Debug|x86.ActiveCfg = Debug|Any CPU
		{05D64C91-BB7F-4C9E-8A7D-0A3A0EB3E19E}.Release|Any CPU.ActiveCfg = Release|Any CPU
		{05D64C91-BB7F-4C9E-8A7D-0A3A0EB3E19E}.Release|Any CPU.Build.0 = Release|Any CPU
		{05D64C91-BB7F-4C9E-8A7D-0A3A0EB3E19E}.Release|Mixed Platforms.ActiveCfg = Release|Any CPU
		{05D64C91-BB7F-4C9E-8A7D-0A3A0EB3E19E}.Release|Mixed Platforms.Build.0 = Release|Any CPU
		{05D64C91-BB7F-4C9E-8A7D-0A3A0EB3E19E}.Release|x86.ActiveCfg = Release|Any CPU
		{8AD70384-1405-41EE-BA61-25BD053CD56B}.Debug|Any CPU.ActiveCfg = Debug|Any CPU
		{8AD70384-1405-41EE-BA61-25BD053CD56B}.Debug|Any CPU.Build.0 = Debug|Any CPU
		{8AD70384-1405-41EE-BA61-25BD053CD56B}.Debug|Mixed Platforms.ActiveCfg = Debug|Any CPU
		{8AD70384-1405-41EE-BA61-25BD053CD56B}.Debug|Mixed Platforms.Build.0 = Debug|Any CPU
		{8AD70384-1405-41EE-BA61-25BD053CD56B}.Debug|x86.ActiveCfg = Debug|Any CPU
		{8AD70384-1405-41EE-BA61-25BD053CD56B}.Release|Any CPU.ActiveCfg = Release|Any CPU
		{8AD70384-1405-41EE-BA61-25BD053CD56B}.Release|Any CPU.Build.0 = Release|Any CPU
		{8AD70384-1405-41EE-BA61-25BD053CD56B}.Release|Mixed Platforms.ActiveCfg = Release|Any CPU
		{8AD70384-1405-41EE-BA61-25BD053CD56B}.Release|Mixed Platforms.Build.0 = Release|Any CPU
		{8AD70384-1405-41EE-BA61-25BD053CD56B}.Release|x86.ActiveCfg = Release|Any CPU
		{4E9769D7-BC92-4717-88CA-F82CDE950F44}.Debug|Any CPU.ActiveCfg = Debug|Any CPU
		{4E9769D7-BC92-4717-88CA-F82CDE950F44}.Debug|Any CPU.Build.0 = Debug|Any CPU
		{4E9769D7-BC92-4717-88CA-F82CDE950F44}.Debug|Mixed Platforms.ActiveCfg = Debug|Any CPU
		{4E9769D7-BC92-4717-88CA-F82CDE950F44}.Debug|Mixed Platforms.Build.0 = Debug|Any CPU
		{4E9769D7-BC92-4717-88CA-F82CDE950F44}.Debug|x86.ActiveCfg = Debug|Any CPU
		{4E9769D7-BC92-4717-88CA-F82CDE950F44}.Release|Any CPU.ActiveCfg = Release|Any CPU
		{4E9769D7-BC92-4717-88CA-F82CDE950F44}.Release|Any CPU.Build.0 = Release|Any CPU
		{4E9769D7-BC92-4717-88CA-F82CDE950F44}.Release|Mixed Platforms.ActiveCfg = Release|Any CPU
		{4E9769D7-BC92-4717-88CA-F82CDE950F44}.Release|Mixed Platforms.Build.0 = Release|Any CPU
		{4E9769D7-BC92-4717-88CA-F82CDE950F44}.Release|x86.ActiveCfg = Release|Any CPU
		{F950795F-E668-4C70-A3FA-8194BC866D39}.Debug|Any CPU.ActiveCfg = Debug|Any CPU
		{F950795F-E668-4C70-A3FA-8194BC866D39}.Debug|Any CPU.Build.0 = Debug|Any CPU
		{F950795F-E668-4C70-A3FA-8194BC866D39}.Debug|Mixed Platforms.ActiveCfg = Debug|Any CPU
		{F950795F-E668-4C70-A3FA-8194BC866D39}.Debug|Mixed Platforms.Build.0 = Debug|Any CPU
		{F950795F-E668-4C70-A3FA-8194BC866D39}.Debug|x86.ActiveCfg = Debug|Any CPU
		{F950795F-E668-4C70-A3FA-8194BC866D39}.Release|Any CPU.ActiveCfg = Release|Any CPU
		{F950795F-E668-4C70-A3FA-8194BC866D39}.Release|Any CPU.Build.0 = Release|Any CPU
		{F950795F-E668-4C70-A3FA-8194BC866D39}.Release|Mixed Platforms.ActiveCfg = Release|Any CPU
		{F950795F-E668-4C70-A3FA-8194BC866D39}.Release|Mixed Platforms.Build.0 = Release|Any CPU
		{F950795F-E668-4C70-A3FA-8194BC866D39}.Release|x86.ActiveCfg = Release|Any CPU
		{592F06B2-3845-47DC-896E-20B752BCE8DB}.Debug|Any CPU.ActiveCfg = Debug|Any CPU
		{592F06B2-3845-47DC-896E-20B752BCE8DB}.Debug|Any CPU.Build.0 = Debug|Any CPU
		{592F06B2-3845-47DC-896E-20B752BCE8DB}.Debug|Mixed Platforms.ActiveCfg = Debug|Any CPU
		{592F06B2-3845-47DC-896E-20B752BCE8DB}.Debug|Mixed Platforms.Build.0 = Debug|Any CPU
		{592F06B2-3845-47DC-896E-20B752BCE8DB}.Debug|x86.ActiveCfg = Debug|Any CPU
		{592F06B2-3845-47DC-896E-20B752BCE8DB}.Release|Any CPU.ActiveCfg = Release|Any CPU
		{592F06B2-3845-47DC-896E-20B752BCE8DB}.Release|Any CPU.Build.0 = Release|Any CPU
		{592F06B2-3845-47DC-896E-20B752BCE8DB}.Release|Mixed Platforms.ActiveCfg = Release|Any CPU
		{592F06B2-3845-47DC-896E-20B752BCE8DB}.Release|Mixed Platforms.Build.0 = Release|Any CPU
		{592F06B2-3845-47DC-896E-20B752BCE8DB}.Release|x86.ActiveCfg = Release|Any CPU
	EndGlobalSection
	GlobalSection(SolutionProperties) = preSolution
		HideSolutionNode = FALSE
	EndGlobalSection
EndGlobal
