
Microsoft Visual Studio Solution File, Format Version 11.00
# Visual Studio 2010
Project("{FAE04EC0-301F-11D3-BF4B-00C04F79EFBC}") = "Fabric.Test", "Fabric.Test\Fabric.Test.csproj", "{E0828CD9-3166-4E68-9FE8-DD7BA9BCC4DE}"
EndProject
Project("{FAE04EC0-301F-11D3-BF4B-00C04F79EFBC}") = "Fabric.Test.Integration", "Fabric.Test.Integration\Fabric.Test.Integration.csproj", "{592F06B2-3845-47DC-896E-20B752BCE8DB}"
EndProject
Project("{FAE04EC0-301F-11D3-BF4B-00C04F79EFBC}") = "Fabric.Api.Web", "Fabric.Api.Web\Fabric.Api.Web.csproj", "{1050AFE4-4257-4F83-B2C5-5E6A50638DB2}"
EndProject
Project("{FAE04EC0-301F-11D3-BF4B-00C04F79EFBC}") = "Fabric.New.Domain.Schemas", "Fabric.New.Domain.Schemas\Fabric.New.Domain.Schemas.csproj", "{DFCEA2F2-0BE0-46CB-8576-7C4F7A662FDE}"
EndProject
Project("{FAE04EC0-301F-11D3-BF4B-00C04F79EFBC}") = "Fabric.New.Api", "Fabric.New.Api\Fabric.New.Api.csproj", "{E9910A54-A1FB-48BF-AA18-36DB80495AFA}"
EndProject
Project("{FAE04EC0-301F-11D3-BF4B-00C04F79EFBC}") = "Fabric.New.Api.Objects", "Fabric.New.Api.Objects\Fabric.New.Api.Objects.csproj", "{660DDA92-D894-468B-A168-5AB4592AE70F}"
EndProject
Project("{FAE04EC0-301F-11D3-BF4B-00C04F79EFBC}") = "Fabric.New.Operations", "Fabric.New.Operations\Fabric.New.Operations.csproj", "{28A9FD01-C994-4BCE-A17A-0E724F4DAC76}"
EndProject
Project("{FAE04EC0-301F-11D3-BF4B-00C04F79EFBC}") = "Fabric.New.Domain", "Fabric.New.Domain\Fabric.New.Domain.csproj", "{CDBE2265-0187-44BF-81EF-20AC39E8CC46}"
EndProject
Project("{FAE04EC0-301F-11D3-BF4B-00C04F79EFBC}") = "Fabric.New.Infrastructure", "Fabric.New.Infrastructure\Fabric.New.Infrastructure.csproj", "{E9638290-CA4D-46FA-A5F7-0B712FA1C647}"
EndProject
Project("{FAE04EC0-301F-11D3-BF4B-00C04F79EFBC}") = "Fabric.New.Database", "Fabric.New.Database\Fabric.New.Database.csproj", "{0D037DB4-09F4-4EB9-B66B-5009F4EBDC88}"
EndProject
Project("{FAE04EC0-301F-11D3-BF4B-00C04F79EFBC}") = "Fabric.New.Test", "Fabric.New.Test\Fabric.New.Test.csproj", "{B4C6BB7B-CEE7-433D-9CC6-1DDB041B9F16}"
EndProject
Global
	GlobalSection(SolutionConfigurationPlatforms) = preSolution
		Debug|Any CPU = Debug|Any CPU
		Debug|Mixed Platforms = Debug|Mixed Platforms
		Debug|x86 = Debug|x86
		DebugLive|Any CPU = DebugLive|Any CPU
		DebugLive|Mixed Platforms = DebugLive|Mixed Platforms
		DebugLive|x86 = DebugLive|x86
		Release|Any CPU = Release|Any CPU
		Release|Mixed Platforms = Release|Mixed Platforms
		Release|x86 = Release|x86
	EndGlobalSection
	GlobalSection(ProjectConfigurationPlatforms) = postSolution
		{E0828CD9-3166-4E68-9FE8-DD7BA9BCC4DE}.Debug|Any CPU.ActiveCfg = Debug|Any CPU
		{E0828CD9-3166-4E68-9FE8-DD7BA9BCC4DE}.Debug|Any CPU.Build.0 = Debug|Any CPU
		{E0828CD9-3166-4E68-9FE8-DD7BA9BCC4DE}.Debug|Mixed Platforms.ActiveCfg = Debug|Any CPU
		{E0828CD9-3166-4E68-9FE8-DD7BA9BCC4DE}.Debug|x86.ActiveCfg = Debug|Any CPU
		{E0828CD9-3166-4E68-9FE8-DD7BA9BCC4DE}.DebugLive|Any CPU.ActiveCfg = DebugLive|Any CPU
		{E0828CD9-3166-4E68-9FE8-DD7BA9BCC4DE}.DebugLive|Any CPU.Build.0 = DebugLive|Any CPU
		{E0828CD9-3166-4E68-9FE8-DD7BA9BCC4DE}.DebugLive|Mixed Platforms.ActiveCfg = DebugLive|Any CPU
		{E0828CD9-3166-4E68-9FE8-DD7BA9BCC4DE}.DebugLive|Mixed Platforms.Build.0 = DebugLive|Any CPU
		{E0828CD9-3166-4E68-9FE8-DD7BA9BCC4DE}.DebugLive|x86.ActiveCfg = DebugLive|Any CPU
		{E0828CD9-3166-4E68-9FE8-DD7BA9BCC4DE}.Release|Any CPU.ActiveCfg = Release|Any CPU
		{E0828CD9-3166-4E68-9FE8-DD7BA9BCC4DE}.Release|Any CPU.Build.0 = Release|Any CPU
		{E0828CD9-3166-4E68-9FE8-DD7BA9BCC4DE}.Release|Mixed Platforms.ActiveCfg = Release|Any CPU
		{E0828CD9-3166-4E68-9FE8-DD7BA9BCC4DE}.Release|Mixed Platforms.Build.0 = Release|Any CPU
		{E0828CD9-3166-4E68-9FE8-DD7BA9BCC4DE}.Release|x86.ActiveCfg = Release|Any CPU
		{592F06B2-3845-47DC-896E-20B752BCE8DB}.Debug|Any CPU.ActiveCfg = Debug|Any CPU
		{592F06B2-3845-47DC-896E-20B752BCE8DB}.Debug|Any CPU.Build.0 = Debug|Any CPU
		{592F06B2-3845-47DC-896E-20B752BCE8DB}.Debug|Mixed Platforms.ActiveCfg = Debug|Any CPU
		{592F06B2-3845-47DC-896E-20B752BCE8DB}.Debug|x86.ActiveCfg = Debug|Any CPU
		{592F06B2-3845-47DC-896E-20B752BCE8DB}.DebugLive|Any CPU.ActiveCfg = DebugLive|Any CPU
		{592F06B2-3845-47DC-896E-20B752BCE8DB}.DebugLive|Any CPU.Build.0 = DebugLive|Any CPU
		{592F06B2-3845-47DC-896E-20B752BCE8DB}.DebugLive|Mixed Platforms.ActiveCfg = DebugLive|Any CPU
		{592F06B2-3845-47DC-896E-20B752BCE8DB}.DebugLive|Mixed Platforms.Build.0 = DebugLive|Any CPU
		{592F06B2-3845-47DC-896E-20B752BCE8DB}.DebugLive|x86.ActiveCfg = DebugLive|Any CPU
		{592F06B2-3845-47DC-896E-20B752BCE8DB}.Release|Any CPU.ActiveCfg = Release|Any CPU
		{592F06B2-3845-47DC-896E-20B752BCE8DB}.Release|Any CPU.Build.0 = Release|Any CPU
		{592F06B2-3845-47DC-896E-20B752BCE8DB}.Release|Mixed Platforms.ActiveCfg = Release|Any CPU
		{592F06B2-3845-47DC-896E-20B752BCE8DB}.Release|Mixed Platforms.Build.0 = Release|Any CPU
		{592F06B2-3845-47DC-896E-20B752BCE8DB}.Release|x86.ActiveCfg = Release|Any CPU
		{1050AFE4-4257-4F83-B2C5-5E6A50638DB2}.Debug|Any CPU.ActiveCfg = Debug|Any CPU
		{1050AFE4-4257-4F83-B2C5-5E6A50638DB2}.Debug|Any CPU.Build.0 = Debug|Any CPU
		{1050AFE4-4257-4F83-B2C5-5E6A50638DB2}.Debug|Mixed Platforms.ActiveCfg = Debug|Any CPU
		{1050AFE4-4257-4F83-B2C5-5E6A50638DB2}.Debug|x86.ActiveCfg = Debug|Any CPU
		{1050AFE4-4257-4F83-B2C5-5E6A50638DB2}.DebugLive|Any CPU.ActiveCfg = DebugLive|Any CPU
		{1050AFE4-4257-4F83-B2C5-5E6A50638DB2}.DebugLive|Any CPU.Build.0 = DebugLive|Any CPU
		{1050AFE4-4257-4F83-B2C5-5E6A50638DB2}.DebugLive|Mixed Platforms.ActiveCfg = DebugLive|Any CPU
		{1050AFE4-4257-4F83-B2C5-5E6A50638DB2}.DebugLive|Mixed Platforms.Build.0 = DebugLive|Any CPU
		{1050AFE4-4257-4F83-B2C5-5E6A50638DB2}.DebugLive|x86.ActiveCfg = DebugLive|Any CPU
		{1050AFE4-4257-4F83-B2C5-5E6A50638DB2}.Release|Any CPU.ActiveCfg = Release|Any CPU
		{1050AFE4-4257-4F83-B2C5-5E6A50638DB2}.Release|Any CPU.Build.0 = Release|Any CPU
		{1050AFE4-4257-4F83-B2C5-5E6A50638DB2}.Release|Mixed Platforms.ActiveCfg = Release|Any CPU
		{1050AFE4-4257-4F83-B2C5-5E6A50638DB2}.Release|Mixed Platforms.Build.0 = Release|Any CPU
		{1050AFE4-4257-4F83-B2C5-5E6A50638DB2}.Release|x86.ActiveCfg = Release|Any CPU
		{DFCEA2F2-0BE0-46CB-8576-7C4F7A662FDE}.Debug|Any CPU.ActiveCfg = Debug|Any CPU
		{DFCEA2F2-0BE0-46CB-8576-7C4F7A662FDE}.Debug|Any CPU.Build.0 = Debug|Any CPU
		{DFCEA2F2-0BE0-46CB-8576-7C4F7A662FDE}.Debug|Mixed Platforms.ActiveCfg = Debug|Any CPU
		{DFCEA2F2-0BE0-46CB-8576-7C4F7A662FDE}.Debug|Mixed Platforms.Build.0 = Debug|Any CPU
		{DFCEA2F2-0BE0-46CB-8576-7C4F7A662FDE}.Debug|x86.ActiveCfg = Debug|Any CPU
		{DFCEA2F2-0BE0-46CB-8576-7C4F7A662FDE}.DebugLive|Any CPU.ActiveCfg = Debug|Any CPU
		{DFCEA2F2-0BE0-46CB-8576-7C4F7A662FDE}.DebugLive|Any CPU.Build.0 = Debug|Any CPU
		{DFCEA2F2-0BE0-46CB-8576-7C4F7A662FDE}.DebugLive|Mixed Platforms.ActiveCfg = Debug|Any CPU
		{DFCEA2F2-0BE0-46CB-8576-7C4F7A662FDE}.DebugLive|Mixed Platforms.Build.0 = Debug|Any CPU
		{DFCEA2F2-0BE0-46CB-8576-7C4F7A662FDE}.DebugLive|x86.ActiveCfg = Debug|Any CPU
		{DFCEA2F2-0BE0-46CB-8576-7C4F7A662FDE}.Release|Any CPU.ActiveCfg = Release|Any CPU
		{DFCEA2F2-0BE0-46CB-8576-7C4F7A662FDE}.Release|Any CPU.Build.0 = Release|Any CPU
		{DFCEA2F2-0BE0-46CB-8576-7C4F7A662FDE}.Release|Mixed Platforms.ActiveCfg = Release|Any CPU
		{DFCEA2F2-0BE0-46CB-8576-7C4F7A662FDE}.Release|Mixed Platforms.Build.0 = Release|Any CPU
		{DFCEA2F2-0BE0-46CB-8576-7C4F7A662FDE}.Release|x86.ActiveCfg = Release|Any CPU
		{E9910A54-A1FB-48BF-AA18-36DB80495AFA}.Debug|Any CPU.ActiveCfg = Debug|Any CPU
		{E9910A54-A1FB-48BF-AA18-36DB80495AFA}.Debug|Any CPU.Build.0 = Debug|Any CPU
		{E9910A54-A1FB-48BF-AA18-36DB80495AFA}.Debug|Mixed Platforms.ActiveCfg = Debug|Any CPU
		{E9910A54-A1FB-48BF-AA18-36DB80495AFA}.Debug|Mixed Platforms.Build.0 = Debug|Any CPU
		{E9910A54-A1FB-48BF-AA18-36DB80495AFA}.Debug|x86.ActiveCfg = Debug|Any CPU
		{E9910A54-A1FB-48BF-AA18-36DB80495AFA}.DebugLive|Any CPU.ActiveCfg = Debug|Any CPU
		{E9910A54-A1FB-48BF-AA18-36DB80495AFA}.DebugLive|Any CPU.Build.0 = Debug|Any CPU
		{E9910A54-A1FB-48BF-AA18-36DB80495AFA}.DebugLive|Mixed Platforms.ActiveCfg = Debug|Any CPU
		{E9910A54-A1FB-48BF-AA18-36DB80495AFA}.DebugLive|Mixed Platforms.Build.0 = Debug|Any CPU
		{E9910A54-A1FB-48BF-AA18-36DB80495AFA}.DebugLive|x86.ActiveCfg = Debug|Any CPU
		{E9910A54-A1FB-48BF-AA18-36DB80495AFA}.Release|Any CPU.ActiveCfg = Release|Any CPU
		{E9910A54-A1FB-48BF-AA18-36DB80495AFA}.Release|Any CPU.Build.0 = Release|Any CPU
		{E9910A54-A1FB-48BF-AA18-36DB80495AFA}.Release|Mixed Platforms.ActiveCfg = Release|Any CPU
		{E9910A54-A1FB-48BF-AA18-36DB80495AFA}.Release|Mixed Platforms.Build.0 = Release|Any CPU
		{E9910A54-A1FB-48BF-AA18-36DB80495AFA}.Release|x86.ActiveCfg = Release|Any CPU
		{660DDA92-D894-468B-A168-5AB4592AE70F}.Debug|Any CPU.ActiveCfg = Debug|Any CPU
		{660DDA92-D894-468B-A168-5AB4592AE70F}.Debug|Any CPU.Build.0 = Debug|Any CPU
		{660DDA92-D894-468B-A168-5AB4592AE70F}.Debug|Mixed Platforms.ActiveCfg = Debug|Any CPU
		{660DDA92-D894-468B-A168-5AB4592AE70F}.Debug|Mixed Platforms.Build.0 = Debug|Any CPU
		{660DDA92-D894-468B-A168-5AB4592AE70F}.Debug|x86.ActiveCfg = Debug|Any CPU
		{660DDA92-D894-468B-A168-5AB4592AE70F}.DebugLive|Any CPU.ActiveCfg = Debug|Any CPU
		{660DDA92-D894-468B-A168-5AB4592AE70F}.DebugLive|Any CPU.Build.0 = Debug|Any CPU
		{660DDA92-D894-468B-A168-5AB4592AE70F}.DebugLive|Mixed Platforms.ActiveCfg = Debug|Any CPU
		{660DDA92-D894-468B-A168-5AB4592AE70F}.DebugLive|Mixed Platforms.Build.0 = Debug|Any CPU
		{660DDA92-D894-468B-A168-5AB4592AE70F}.DebugLive|x86.ActiveCfg = Debug|Any CPU
		{660DDA92-D894-468B-A168-5AB4592AE70F}.Release|Any CPU.ActiveCfg = Release|Any CPU
		{660DDA92-D894-468B-A168-5AB4592AE70F}.Release|Any CPU.Build.0 = Release|Any CPU
		{660DDA92-D894-468B-A168-5AB4592AE70F}.Release|Mixed Platforms.ActiveCfg = Release|Any CPU
		{660DDA92-D894-468B-A168-5AB4592AE70F}.Release|Mixed Platforms.Build.0 = Release|Any CPU
		{660DDA92-D894-468B-A168-5AB4592AE70F}.Release|x86.ActiveCfg = Release|Any CPU
		{28A9FD01-C994-4BCE-A17A-0E724F4DAC76}.Debug|Any CPU.ActiveCfg = Debug|Any CPU
		{28A9FD01-C994-4BCE-A17A-0E724F4DAC76}.Debug|Any CPU.Build.0 = Debug|Any CPU
		{28A9FD01-C994-4BCE-A17A-0E724F4DAC76}.Debug|Mixed Platforms.ActiveCfg = Debug|Any CPU
		{28A9FD01-C994-4BCE-A17A-0E724F4DAC76}.Debug|Mixed Platforms.Build.0 = Debug|Any CPU
		{28A9FD01-C994-4BCE-A17A-0E724F4DAC76}.Debug|x86.ActiveCfg = Debug|Any CPU
		{28A9FD01-C994-4BCE-A17A-0E724F4DAC76}.DebugLive|Any CPU.ActiveCfg = Debug|Any CPU
		{28A9FD01-C994-4BCE-A17A-0E724F4DAC76}.DebugLive|Any CPU.Build.0 = Debug|Any CPU
		{28A9FD01-C994-4BCE-A17A-0E724F4DAC76}.DebugLive|Mixed Platforms.ActiveCfg = Debug|Any CPU
		{28A9FD01-C994-4BCE-A17A-0E724F4DAC76}.DebugLive|Mixed Platforms.Build.0 = Debug|Any CPU
		{28A9FD01-C994-4BCE-A17A-0E724F4DAC76}.DebugLive|x86.ActiveCfg = Debug|Any CPU
		{28A9FD01-C994-4BCE-A17A-0E724F4DAC76}.Release|Any CPU.ActiveCfg = Release|Any CPU
		{28A9FD01-C994-4BCE-A17A-0E724F4DAC76}.Release|Any CPU.Build.0 = Release|Any CPU
		{28A9FD01-C994-4BCE-A17A-0E724F4DAC76}.Release|Mixed Platforms.ActiveCfg = Release|Any CPU
		{28A9FD01-C994-4BCE-A17A-0E724F4DAC76}.Release|Mixed Platforms.Build.0 = Release|Any CPU
		{28A9FD01-C994-4BCE-A17A-0E724F4DAC76}.Release|x86.ActiveCfg = Release|Any CPU
		{CDBE2265-0187-44BF-81EF-20AC39E8CC46}.Debug|Any CPU.ActiveCfg = Debug|Any CPU
		{CDBE2265-0187-44BF-81EF-20AC39E8CC46}.Debug|Any CPU.Build.0 = Debug|Any CPU
		{CDBE2265-0187-44BF-81EF-20AC39E8CC46}.Debug|Mixed Platforms.ActiveCfg = Debug|Any CPU
		{CDBE2265-0187-44BF-81EF-20AC39E8CC46}.Debug|Mixed Platforms.Build.0 = Debug|Any CPU
		{CDBE2265-0187-44BF-81EF-20AC39E8CC46}.Debug|x86.ActiveCfg = Debug|Any CPU
		{CDBE2265-0187-44BF-81EF-20AC39E8CC46}.DebugLive|Any CPU.ActiveCfg = Debug|Any CPU
		{CDBE2265-0187-44BF-81EF-20AC39E8CC46}.DebugLive|Any CPU.Build.0 = Debug|Any CPU
		{CDBE2265-0187-44BF-81EF-20AC39E8CC46}.DebugLive|Mixed Platforms.ActiveCfg = Debug|Any CPU
		{CDBE2265-0187-44BF-81EF-20AC39E8CC46}.DebugLive|Mixed Platforms.Build.0 = Debug|Any CPU
		{CDBE2265-0187-44BF-81EF-20AC39E8CC46}.DebugLive|x86.ActiveCfg = Debug|Any CPU
		{CDBE2265-0187-44BF-81EF-20AC39E8CC46}.Release|Any CPU.ActiveCfg = Release|Any CPU
		{CDBE2265-0187-44BF-81EF-20AC39E8CC46}.Release|Any CPU.Build.0 = Release|Any CPU
		{CDBE2265-0187-44BF-81EF-20AC39E8CC46}.Release|Mixed Platforms.ActiveCfg = Release|Any CPU
		{CDBE2265-0187-44BF-81EF-20AC39E8CC46}.Release|Mixed Platforms.Build.0 = Release|Any CPU
		{CDBE2265-0187-44BF-81EF-20AC39E8CC46}.Release|x86.ActiveCfg = Release|Any CPU
		{E9638290-CA4D-46FA-A5F7-0B712FA1C647}.Debug|Any CPU.ActiveCfg = Debug|Any CPU
		{E9638290-CA4D-46FA-A5F7-0B712FA1C647}.Debug|Any CPU.Build.0 = Debug|Any CPU
		{E9638290-CA4D-46FA-A5F7-0B712FA1C647}.Debug|Mixed Platforms.ActiveCfg = Debug|Any CPU
		{E9638290-CA4D-46FA-A5F7-0B712FA1C647}.Debug|Mixed Platforms.Build.0 = Debug|Any CPU
		{E9638290-CA4D-46FA-A5F7-0B712FA1C647}.Debug|x86.ActiveCfg = Debug|Any CPU
		{E9638290-CA4D-46FA-A5F7-0B712FA1C647}.DebugLive|Any CPU.ActiveCfg = Debug|Any CPU
		{E9638290-CA4D-46FA-A5F7-0B712FA1C647}.DebugLive|Any CPU.Build.0 = Debug|Any CPU
		{E9638290-CA4D-46FA-A5F7-0B712FA1C647}.DebugLive|Mixed Platforms.ActiveCfg = Debug|Any CPU
		{E9638290-CA4D-46FA-A5F7-0B712FA1C647}.DebugLive|Mixed Platforms.Build.0 = Debug|Any CPU
		{E9638290-CA4D-46FA-A5F7-0B712FA1C647}.DebugLive|x86.ActiveCfg = Debug|Any CPU
		{E9638290-CA4D-46FA-A5F7-0B712FA1C647}.Release|Any CPU.ActiveCfg = Release|Any CPU
		{E9638290-CA4D-46FA-A5F7-0B712FA1C647}.Release|Any CPU.Build.0 = Release|Any CPU
		{E9638290-CA4D-46FA-A5F7-0B712FA1C647}.Release|Mixed Platforms.ActiveCfg = Release|Any CPU
		{E9638290-CA4D-46FA-A5F7-0B712FA1C647}.Release|Mixed Platforms.Build.0 = Release|Any CPU
		{E9638290-CA4D-46FA-A5F7-0B712FA1C647}.Release|x86.ActiveCfg = Release|Any CPU
		{0D037DB4-09F4-4EB9-B66B-5009F4EBDC88}.Debug|Any CPU.ActiveCfg = Debug|Any CPU
		{0D037DB4-09F4-4EB9-B66B-5009F4EBDC88}.Debug|Any CPU.Build.0 = Debug|Any CPU
		{0D037DB4-09F4-4EB9-B66B-5009F4EBDC88}.Debug|Mixed Platforms.ActiveCfg = Debug|Any CPU
		{0D037DB4-09F4-4EB9-B66B-5009F4EBDC88}.Debug|Mixed Platforms.Build.0 = Debug|Any CPU
		{0D037DB4-09F4-4EB9-B66B-5009F4EBDC88}.Debug|x86.ActiveCfg = Debug|Any CPU
		{0D037DB4-09F4-4EB9-B66B-5009F4EBDC88}.DebugLive|Any CPU.ActiveCfg = Debug|Any CPU
		{0D037DB4-09F4-4EB9-B66B-5009F4EBDC88}.DebugLive|Any CPU.Build.0 = Debug|Any CPU
		{0D037DB4-09F4-4EB9-B66B-5009F4EBDC88}.DebugLive|Mixed Platforms.ActiveCfg = Debug|Any CPU
		{0D037DB4-09F4-4EB9-B66B-5009F4EBDC88}.DebugLive|Mixed Platforms.Build.0 = Debug|Any CPU
		{0D037DB4-09F4-4EB9-B66B-5009F4EBDC88}.DebugLive|x86.ActiveCfg = Debug|Any CPU
		{0D037DB4-09F4-4EB9-B66B-5009F4EBDC88}.Release|Any CPU.ActiveCfg = Release|Any CPU
		{0D037DB4-09F4-4EB9-B66B-5009F4EBDC88}.Release|Any CPU.Build.0 = Release|Any CPU
		{0D037DB4-09F4-4EB9-B66B-5009F4EBDC88}.Release|Mixed Platforms.ActiveCfg = Release|Any CPU
		{0D037DB4-09F4-4EB9-B66B-5009F4EBDC88}.Release|Mixed Platforms.Build.0 = Release|Any CPU
		{0D037DB4-09F4-4EB9-B66B-5009F4EBDC88}.Release|x86.ActiveCfg = Release|Any CPU
		{B4C6BB7B-CEE7-433D-9CC6-1DDB041B9F16}.Debug|Any CPU.ActiveCfg = Debug|Any CPU
		{B4C6BB7B-CEE7-433D-9CC6-1DDB041B9F16}.Debug|Any CPU.Build.0 = Debug|Any CPU
		{B4C6BB7B-CEE7-433D-9CC6-1DDB041B9F16}.Debug|Mixed Platforms.ActiveCfg = Debug|Any CPU
		{B4C6BB7B-CEE7-433D-9CC6-1DDB041B9F16}.Debug|Mixed Platforms.Build.0 = Debug|Any CPU
		{B4C6BB7B-CEE7-433D-9CC6-1DDB041B9F16}.Debug|x86.ActiveCfg = Debug|Any CPU
		{B4C6BB7B-CEE7-433D-9CC6-1DDB041B9F16}.DebugLive|Any CPU.ActiveCfg = Debug|Any CPU
		{B4C6BB7B-CEE7-433D-9CC6-1DDB041B9F16}.DebugLive|Any CPU.Build.0 = Debug|Any CPU
		{B4C6BB7B-CEE7-433D-9CC6-1DDB041B9F16}.DebugLive|Mixed Platforms.ActiveCfg = Debug|Any CPU
		{B4C6BB7B-CEE7-433D-9CC6-1DDB041B9F16}.DebugLive|Mixed Platforms.Build.0 = Debug|Any CPU
		{B4C6BB7B-CEE7-433D-9CC6-1DDB041B9F16}.DebugLive|x86.ActiveCfg = Debug|Any CPU
		{B4C6BB7B-CEE7-433D-9CC6-1DDB041B9F16}.Release|Any CPU.ActiveCfg = Release|Any CPU
		{B4C6BB7B-CEE7-433D-9CC6-1DDB041B9F16}.Release|Any CPU.Build.0 = Release|Any CPU
		{B4C6BB7B-CEE7-433D-9CC6-1DDB041B9F16}.Release|Mixed Platforms.ActiveCfg = Release|Any CPU
		{B4C6BB7B-CEE7-433D-9CC6-1DDB041B9F16}.Release|Mixed Platforms.Build.0 = Release|Any CPU
		{B4C6BB7B-CEE7-433D-9CC6-1DDB041B9F16}.Release|x86.ActiveCfg = Release|Any CPU
	EndGlobalSection
	GlobalSection(SolutionProperties) = preSolution
		HideSolutionNode = FALSE
	EndGlobalSection
	GlobalSection(MonoDevelopProperties) = preSolution
		StartupItem = Fabric.Db\Fabric.Db.csproj
	EndGlobalSection
EndGlobal
